
Microsoft Visual Studio Solution File, Format Version 12.00
# Visual Studio Version 17
VisualStudioVersion = 17.4.33205.214
MinimumVisualStudioVersion = 10.0.40219.1
Project("{8BC9CEB8-8B4A-11D0-8D11-00A0C91BC942}") = "Watermark_GPU", "Watermark_GPU\Watermark_GPU.vcxproj", "{2905FB46-FEAE-4E12-AFAC-DE4920B64608}"
EndProject
Project("{8BC9CEB8-8B4A-11D0-8D11-00A0C91BC942}") = "CommonRandomMatrix", "CommonRandomMatrix\CommonRandomMatrix.vcxproj", "{041F7E88-CED2-4062-A88B-7BD5977B3517}"
EndProject
Global
	GlobalSection(SolutionConfigurationPlatforms) = preSolution
		Debug|x64 = Debug|x64
		Debug|x86 = Debug|x86
		Release|x64 = Release|x64
		Release|x86 = Release|x86
	EndGlobalSection
	GlobalSection(ProjectConfigurationPlatforms) = postSolution
		{2905FB46-FEAE-4E12-AFAC-DE4920B64608}.Debug|x64.ActiveCfg = Debug|x64
		{2905FB46-FEAE-4E12-AFAC-DE4920B64608}.Debug|x64.Build.0 = Debug|x64
		{2905FB46-FEAE-4E12-AFAC-DE4920B64608}.Debug|x86.ActiveCfg = Debug|x64
		{2905FB46-FEAE-4E12-AFAC-DE4920B64608}.Release|x64.ActiveCfg = Release|x64
		{2905FB46-FEAE-4E12-AFAC-DE4920B64608}.Release|x64.Build.0 = Release|x64
		{2905FB46-FEAE-4E12-AFAC-DE4920B64608}.Release|x86.ActiveCfg = Release|x64
		{041F7E88-CED2-4062-A88B-7BD5977B3517}.Debug|x64.ActiveCfg = Debug|x64
		{041F7E88-CED2-4062-A88B-7BD5977B3517}.Debug|x64.Build.0 = Debug|x64
		{041F7E88-CED2-4062-A88B-7BD5977B3517}.Debug|x86.ActiveCfg = Debug|Win32
		{041F7E88-CED2-4062-A88B-7BD5977B3517}.Debug|x86.Build.0 = Debug|Win32
		{041F7E88-CED2-4062-A88B-7BD5977B3517}.Release|x64.ActiveCfg = Release|x64
		{041F7E88-CED2-4062-A88B-7BD5977B3517}.Release|x64.Build.0 = Release|x64
		{041F7E88-CED2-4062-A88B-7BD5977B3517}.Release|x86.ActiveCfg = Release|Win32
		{041F7E88-CED2-4062-A88B-7BD5977B3517}.Release|x86.Build.0 = Release|Win32
	EndGlobalSection
	GlobalSection(SolutionProperties) = preSolution
		HideSolutionNode = FALSE
	EndGlobalSection
	GlobalSection(ExtensibilityGlobals) = postSolution
		SolutionGuid = {A5B68EBD-5019-4BC1-9D29-2B8FC3519C52}
	EndGlobalSection
EndGlobal
