
Microsoft Visual Studio Solution File, Format Version 12.00
# Visual Studio Version 17
VisualStudioVersion = 17.10.34916.146
MinimumVisualStudioVersion = 10.0.40219.1
Project("{8BC9CEB8-8B4A-11D0-8D11-00A0C91BC942}") = "Watermark_GPU", "Watermark_GPU\Watermark_GPU.vcxproj", "{2905FB46-FEAE-4E12-AFAC-DE4920B64608}"
EndProject
Global
	GlobalSection(SolutionConfigurationPlatforms) = preSolution
		Debug|x64 = Debug|x64
		Release|x64 = Release|x64
	EndGlobalSection
	GlobalSection(ProjectConfigurationPlatforms) = postSolution
		{2905FB46-FEAE-4E12-AFAC-DE4920B64608}.Debug|x64.ActiveCfg = Debug|x64
		{2905FB46-FEAE-4E12-AFAC-DE4920B64608}.Debug|x64.Build.0 = Debug|x64
		{2905FB46-FEAE-4E12-AFAC-DE4920B64608}.Release|x64.ActiveCfg = Release|x64
		{2905FB46-FEAE-4E12-AFAC-DE4920B64608}.Release|x64.Build.0 = Release|x64
	EndGlobalSection
	GlobalSection(SolutionProperties) = preSolution
		HideSolutionNode = FALSE
	EndGlobalSection
	GlobalSection(ExtensibilityGlobals) = postSolution
		SolutionGuid = {A5B68EBD-5019-4BC1-9D29-2B8FC3519C52}
	EndGlobalSection
EndGlobal
