<?xml version="1.0" encoding="utf-8"?>
<Project ToolsVersion="4.0" xmlns="http://schemas.microsoft.com/developer/msbuild/2003">
  <ItemGroup>
    <Filter Include="Header Files">
      <UniqueIdentifier>{7a0e3b0b-9d7f-4660-9e4c-200115878492}</UniqueIdentifier>
    </Filter>
    <Filter Include="Source Files">
      <UniqueIdentifier>{72c93eba-8848-4f36-9bc5-2764f315bee5}</UniqueIdentifier>
    </Filter>
    <Filter Include="Kernels">
      <UniqueIdentifier>{5ee83f3d-1675-4953-8a9f-215418d0d30e}</UniqueIdentifier>
    </Filter>
    <Filter Include="Resource Files">
      <UniqueIdentifier>{bb937cba-c266-469b-bd14-76bee9b593f9}</UniqueIdentifier>
    </Filter>
  </ItemGroup>
  <ItemGroup>
    <CudaCompile Include="Watermark.cu">
      <Filter>Source Files</Filter>
    </CudaCompile>
    <CudaCompile Include="kernels.cu">
      <Filter>Kernels</Filter>
    </CudaCompile>
  </ItemGroup>
  <ItemGroup>
    <ClCompile Include="main.cpp">
      <Filter>Source Files</Filter>
    </ClCompile>
    <ClCompile Include="Utilities.cpp">
      <Filter>Source Files</Filter>
    </ClCompile>
    <ClCompile Include="cuda_utils.cpp">
      <Filter>Source Files</Filter>
    </ClCompile>
    <ClCompile Include="videoprocessingcontext.cpp">
      <Filter>Source Files</Filter>
    </ClCompile>
  </ItemGroup>
  <ItemGroup>
    <ClInclude Include="Watermark.cuh">
      <Filter>Header Files</Filter>
    </ClInclude>
    <ClInclude Include="kernels.cuh">
      <Filter>Kernels</Filter>
    </ClInclude>
    <ClInclude Include="cuda_utils.hpp">
      <Filter>Header Files</Filter>
    </ClInclude>
    <ClInclude Include="Utilities.hpp">
      <Filter>Header Files</Filter>
    </ClInclude>
    <ClInclude Include="main_utils.hpp">
      <Filter>Header Files</Filter>
    </ClInclude>
    <ClInclude Include="videoprocessingcontext.hpp">
      <Filter>Header Files</Filter>
    </ClInclude>
  </ItemGroup>
  <ItemGroup>
    <ResourceCompile Include="resources.rc">
      <Filter>Resource Files</Filter>
    </ResourceCompile>
  </ItemGroup>
</Project>